
Microsoft Visual Studio Solution File, Format Version 12.00
# Visual Studio Version 17
VisualStudioVersion = 17.10.35122.118
MinimumVisualStudioVersion = 10.0.40219.1
Project("{FAE04EC0-301F-11D3-BF4B-00C04F79EFBC}") = "Movie-database", "Movie-database\Movie-database.csproj", "{BD0E88F7-3B38-4DA9-B42D-667B352FC43C}"
EndProject
Global
	GlobalSection(SolutionConfigurationPlatforms) = preSolution
		Debug|Any CPU = Debug|Any CPU
		Release|Any CPU = Release|Any CPU
	EndGlobalSection
	GlobalSection(ProjectConfigurationPlatforms) = postSolution
		{BD0E88F7-3B38-4DA9-B42D-667B352FC43C}.Debug|Any CPU.ActiveCfg = Debug|Any CPU
		{BD0E88F7-3B38-4DA9-B42D-667B352FC43C}.Debug|Any CPU.Build.0 = Debug|Any CPU
		{BD0E88F7-3B38-4DA9-B42D-667B352FC43C}.Release|Any CPU.ActiveCfg = Release|Any CPU
		{BD0E88F7-3B38-4DA9-B42D-667B352FC43C}.Release|Any CPU.Build.0 = Release|Any CPU
	EndGlobalSection
	GlobalSection(SolutionProperties) = preSolution
		HideSolutionNode = FALSE
	EndGlobalSection
	GlobalSection(ExtensibilityGlobals) = postSolution
		SolutionGuid = {29D787B8-3382-476A-A396-825884FF07B8}
	EndGlobalSection
EndGlobal
